// !$*UTF8*$!
{
	archiveVersion = 1;
	classes = {
	};
	objectVersion = 46;
	objects = {

/* Begin PBXBuildFile section */
		6489A4061C8BBB2C000257EF /* main.m in Sources */ = {isa = PBXBuildFile; fileRef = 6489A4051C8BBB2C000257EF /* main.m */; };
		6489A4091C8BBB2C000257EF /* AppDelegate.m in Sources */ = {isa = PBXBuildFile; fileRef = 6489A4081C8BBB2C000257EF /* AppDelegate.m */; };
		6489A40C1C8BBB2C000257EF /* ViewController.m in Sources */ = {isa = PBXBuildFile; fileRef = 6489A40B1C8BBB2C000257EF /* ViewController.m */; };
		6489A40F1C8BBB2C000257EF /* Main.storyboard in Resources */ = {isa = PBXBuildFile; fileRef = 6489A40D1C8BBB2C000257EF /* Main.storyboard */; };
		6489A4111C8BBB2C000257EF /* Assets.xcassets in Resources */ = {isa = PBXBuildFile; fileRef = 6489A4101C8BBB2C000257EF /* Assets.xcassets */; };
		6489A4141C8BBB2C000257EF /* LaunchScreen.storyboard in Resources */ = {isa = PBXBuildFile; fileRef = 6489A4121C8BBB2C000257EF /* LaunchScreen.storyboard */; };
		6489A41F1C8BBB2C000257EF /* runtimeDemoTests.m in Sources */ = {isa = PBXBuildFile; fileRef = 6489A41E1C8BBB2C000257EF /* runtimeDemoTests.m */; };
		6489A42A1C8BBB2C000257EF /* runtimeDemoUITests.m in Sources */ = {isa = PBXBuildFile; fileRef = 6489A4291C8BBB2C000257EF /* runtimeDemoUITests.m */; };
		6489A4391C8BBE02000257EF /* HeadPart.m in Sources */ = {isa = PBXBuildFile; fileRef = 6489A4381C8BBE02000257EF /* HeadPart.m */; };
/* End PBXBuildFile section */

/* Begin PBXContainerItemProxy section */
		6489A41B1C8BBB2C000257EF /* PBXContainerItemProxy */ = {
			isa = PBXContainerItemProxy;
			containerPortal = 6489A3F91C8BBB2C000257EF /* Project object */;
			proxyType = 1;
			remoteGlobalIDString = 6489A4001C8BBB2C000257EF;
			remoteInfo = runtimeDemo;
		};
		6489A4261C8BBB2C000257EF /* PBXContainerItemProxy */ = {
			isa = PBXContainerItemProxy;
			containerPortal = 6489A3F91C8BBB2C000257EF /* Project object */;
			proxyType = 1;
			remoteGlobalIDString = 6489A4001C8BBB2C000257EF;
			remoteInfo = runtimeDemo;
		};
/* End PBXContainerItemProxy section */

/* Begin PBXFileReference section */
		6489A4011C8BBB2C000257EF /* runtimeDemo.app */ = {isa = PBXFileReference; explicitFileType = wrapper.application; includeInIndex = 0; path = runtimeDemo.app; sourceTree = BUILT_PRODUCTS_DIR; };
		6489A4051C8BBB2C000257EF /* main.m */ = {isa = PBXFileReference; lastKnownFileType = sourcecode.c.objc; path = main.m; sourceTree = "<group>"; };
		6489A4071C8BBB2C000257EF /* AppDelegate.h */ = {isa = PBXFileReference; lastKnownFileType = sourcecode.c.h; path = AppDelegate.h; sourceTree = "<group>"; };
		6489A4081C8BBB2C000257EF /* AppDelegate.m */ = {isa = PBXFileReference; lastKnownFileType = sourcecode.c.objc; path = AppDelegate.m; sourceTree = "<group>"; };
		6489A40A1C8BBB2C000257EF /* ViewController.h */ = {isa = PBXFileReference; lastKnownFileType = sourcecode.c.h; path = ViewController.h; sourceTree = "<group>"; };
		6489A40B1C8BBB2C000257EF /* ViewController.m */ = {isa = PBXFileReference; lastKnownFileType = sourcecode.c.objc; path = ViewController.m; sourceTree = "<group>"; };
		6489A40E1C8BBB2C000257EF /* Base */ = {isa = PBXFileReference; lastKnownFileType = file.storyboard; name = Base; path = Base.lproj/Main.storyboard; sourceTree = "<group>"; };
		6489A4101C8BBB2C000257EF /* Assets.xcassets */ = {isa = PBXFileReference; lastKnownFileType = folder.assetcatalog; path = Assets.xcassets; sourceTree = "<group>"; };
		6489A4131C8BBB2C000257EF /* Base */ = {isa = PBXFileReference; lastKnownFileType = file.storyboard; name = Base; path = Base.lproj/LaunchScreen.storyboard; sourceTree = "<group>"; };
		6489A4151C8BBB2C000257EF /* Info.plist */ = {isa = PBXFileReference; lastKnownFileType = text.plist.xml; path = Info.plist; sourceTree = "<group>"; };
		6489A41A1C8BBB2C000257EF /* runtimeDemoTests.xctest */ = {isa = PBXFileReference; explicitFileType = wrapper.cfbundle; includeInIndex = 0; path = runtimeDemoTests.xctest; sourceTree = BUILT_PRODUCTS_DIR; };
		6489A41E1C8BBB2C000257EF /* runtimeDemoTests.m */ = {isa = PBXFileReference; lastKnownFileType = sourcecode.c.objc; path = runtimeDemoTests.m; sourceTree = "<group>"; };
		6489A4201C8BBB2C000257EF /* Info.plist */ = {isa = PBXFileReference; lastKnownFileType = text.plist.xml; path = Info.plist; sourceTree = "<group>"; };
		6489A4251C8BBB2C000257EF /* runtimeDemoUITests.xctest */ = {isa = PBXFileReference; explicitFileType = wrapper.cfbundle; includeInIndex = 0; path = runtimeDemoUITests.xctest; sourceTree = BUILT_PRODUCTS_DIR; };
		6489A4291C8BBB2C000257EF /* runtimeDemoUITests.m */ = {isa = PBXFileReference; lastKnownFileType = sourcecode.c.objc; path = runtimeDemoUITests.m; sourceTree = "<group>"; };
		6489A42B1C8BBB2C000257EF /* Info.plist */ = {isa = PBXFileReference; lastKnownFileType = text.plist.xml; path = Info.plist; sourceTree = "<group>"; };
		6489A4371C8BBE02000257EF /* HeadPart.h */ = {isa = PBXFileReference; fileEncoding = 4; lastKnownFileType = sourcecode.c.h; path = HeadPart.h; sourceTree = "<group>"; };
		6489A4381C8BBE02000257EF /* HeadPart.m */ = {isa = PBXFileReference; fileEncoding = 4; lastKnownFileType = sourcecode.c.objc; path = HeadPart.m; sourceTree = "<group>"; };
/* End PBXFileReference section */

/* Begin PBXFrameworksBuildPhase section */
		6489A3FE1C8BBB2C000257EF /* Frameworks */ = {
			isa = PBXFrameworksBuildPhase;
			buildActionMask = 2147483647;
			files = (
			);
			runOnlyForDeploymentPostprocessing = 0;
		};
		6489A4171C8BBB2C000257EF /* Frameworks */ = {
			isa = PBXFrameworksBuildPhase;
			buildActionMask = 2147483647;
			files = (
			);
			runOnlyForDeploymentPostprocessing = 0;
		};
		6489A4221C8BBB2C000257EF /* Frameworks */ = {
			isa = PBXFrameworksBuildPhase;
			buildActionMask = 2147483647;
			files = (
			);
			runOnlyForDeploymentPostprocessing = 0;
		};
/* End PBXFrameworksBuildPhase section */

/* Begin PBXGroup section */
		6489A3F81C8BBB2C000257EF = {
			isa = PBXGroup;
			children = (
				6489A4031C8BBB2C000257EF /* runtimeDemo */,
				6489A41D1C8BBB2C000257EF /* runtimeDemoTests */,
				6489A4281C8BBB2C000257EF /* runtimeDemoUITests */,
				6489A4021C8BBB2C000257EF /* Products */,
			);
			sourceTree = "<group>";
		};
		6489A4021C8BBB2C000257EF /* Products */ = {
			isa = PBXGroup;
			children = (
				6489A4011C8BBB2C000257EF /* runtimeDemo.app */,
				6489A41A1C8BBB2C000257EF /* runtimeDemoTests.xctest */,
				6489A4251C8BBB2C000257EF /* runtimeDemoUITests.xctest */,
			);
			name = Products;
			sourceTree = "<group>";
		};
		6489A4031C8BBB2C000257EF /* runtimeDemo */ = {
			isa = PBXGroup;
			children = (
				6489A4071C8BBB2C000257EF /* AppDelegate.h */,
				6489A4081C8BBB2C000257EF /* AppDelegate.m */,
				6489A40A1C8BBB2C000257EF /* ViewController.h */,
				6489A40B1C8BBB2C000257EF /* ViewController.m */,
				6489A4371C8BBE02000257EF /* HeadPart.h */,
				6489A4381C8BBE02000257EF /* HeadPart.m */,
				6489A40D1C8BBB2C000257EF /* Main.storyboard */,
				6489A4101C8BBB2C000257EF /* Assets.xcassets */,
				6489A4121C8BBB2C000257EF /* LaunchScreen.storyboard */,
				6489A4151C8BBB2C000257EF /* Info.plist */,
				6489A4041C8BBB2C000257EF /* Supporting Files */,
			);
			path = runtimeDemo;
			sourceTree = "<group>";
		};
		6489A4041C8BBB2C000257EF /* Supporting Files */ = {
			isa = PBXGroup;
			children = (
				6489A4051C8BBB2C000257EF /* main.m */,
			);
			name = "Supporting Files";
			sourceTree = "<group>";
		};
		6489A41D1C8BBB2C000257EF /* runtimeDemoTests */ = {
			isa = PBXGroup;
			children = (
				6489A41E1C8BBB2C000257EF /* runtimeDemoTests.m */,
				6489A4201C8BBB2C000257EF /* Info.plist */,
			);
			path = runtimeDemoTests;
			sourceTree = "<group>";
		};
		6489A4281C8BBB2C000257EF /* runtimeDemoUITests */ = {
			isa = PBXGroup;
			children = (
				6489A4291C8BBB2C000257EF /* runtimeDemoUITests.m */,
				6489A42B1C8BBB2C000257EF /* Info.plist */,
			);
			path = runtimeDemoUITests;
			sourceTree = "<group>";
		};
/* End PBXGroup section */

/* Begin PBXNativeTarget section */
		6489A4001C8BBB2C000257EF /* runtimeDemo */ = {
			isa = PBXNativeTarget;
			buildConfigurationList = 6489A42E1C8BBB2C000257EF /* Build configuration list for PBXNativeTarget "runtimeDemo" */;
			buildPhases = (
				6489A3FD1C8BBB2C000257EF /* Sources */,
				6489A3FE1C8BBB2C000257EF /* Frameworks */,
				6489A3FF1C8BBB2C000257EF /* Resources */,
			);
			buildRules = (
			);
			dependencies = (
			);
			name = runtimeDemo;
			productName = runtimeDemo;
			productReference = 6489A4011C8BBB2C000257EF /* runtimeDemo.app */;
			productType = "com.apple.product-type.application";
		};
		6489A4191C8BBB2C000257EF /* runtimeDemoTests */ = {
			isa = PBXNativeTarget;
			buildConfigurationList = 6489A4311C8BBB2C000257EF /* Build configuration list for PBXNativeTarget "runtimeDemoTests" */;
			buildPhases = (
				6489A4161C8BBB2C000257EF /* Sources */,
				6489A4171C8BBB2C000257EF /* Frameworks */,
				6489A4181C8BBB2C000257EF /* Resources */,
			);
			buildRules = (
			);
			dependencies = (
				6489A41C1C8BBB2C000257EF /* PBXTargetDependency */,
			);
			name = runtimeDemoTests;
			productName = runtimeDemoTests;
			productReference = 6489A41A1C8BBB2C000257EF /* runtimeDemoTests.xctest */;
			productType = "com.apple.product-type.bundle.unit-test";
		};
		6489A4241C8BBB2C000257EF /* runtimeDemoUITests */ = {
			isa = PBXNativeTarget;
			buildConfigurationList = 6489A4341C8BBB2C000257EF /* Build configuration list for PBXNativeTarget "runtimeDemoUITests" */;
			buildPhases = (
				6489A4211C8BBB2C000257EF /* Sources */,
				6489A4221C8BBB2C000257EF /* Frameworks */,
				6489A4231C8BBB2C000257EF /* Resources */,
			);
			buildRules = (
			);
			dependencies = (
				6489A4271C8BBB2C000257EF /* PBXTargetDependency */,
			);
			name = runtimeDemoUITests;
			productName = runtimeDemoUITests;
			productReference = 6489A4251C8BBB2C000257EF /* runtimeDemoUITests.xctest */;
			productType = "com.apple.product-type.bundle.ui-testing";
		};
/* End PBXNativeTarget section */

/* Begin PBXProject section */
		6489A3F91C8BBB2C000257EF /* Project object */ = {
			isa = PBXProject;
			attributes = {
				LastUpgradeCheck = 0720;
				ORGANIZATIONNAME = HuiDe;
				TargetAttributes = {
					6489A4001C8BBB2C000257EF = {
						CreatedOnToolsVersion = 7.2.1;
					};
					6489A4191C8BBB2C000257EF = {
						CreatedOnToolsVersion = 7.2.1;
						TestTargetID = 6489A4001C8BBB2C000257EF;
					};
					6489A4241C8BBB2C000257EF = {
						CreatedOnToolsVersion = 7.2.1;
						TestTargetID = 6489A4001C8BBB2C000257EF;
					};
				};
			};
			buildConfigurationList = 6489A3FC1C8BBB2C000257EF /* Build configuration list for PBXProject "runtimeDemo" */;
			compatibilityVersion = "Xcode 3.2";
			developmentRegion = English;
			hasScannedForEncodings = 0;
			knownRegions = (
				en,
				Base,
			);
			mainGroup = 6489A3F81C8BBB2C000257EF;
			productRefGroup = 6489A4021C8BBB2C000257EF /* Products */;
			projectDirPath = "";
			projectRoot = "";
			targets = (
				6489A4001C8BBB2C000257EF /* runtimeDemo */,
				6489A4191C8BBB2C000257EF /* runtimeDemoTests */,
				6489A4241C8BBB2C000257EF /* runtimeDemoUITests */,
			);
		};
/* End PBXProject section */

/* Begin PBXResourcesBuildPhase section */
		6489A3FF1C8BBB2C000257EF /* Resources */ = {
			isa = PBXResourcesBuildPhase;
			buildActionMask = 2147483647;
			files = (
				6489A4141C8BBB2C000257EF /* LaunchScreen.storyboard in Resources */,
				6489A4111C8BBB2C000257EF /* Assets.xcassets in Resources */,
				6489A40F1C8BBB2C000257EF /* Main.storyboard in Resources */,
			);
			runOnlyForDeploymentPostprocessing = 0;
		};
		6489A4181C8BBB2C000257EF /* Resources */ = {
			isa = PBXResourcesBuildPhase;
			buildActionMask = 2147483647;
			files = (
			);
			runOnlyForDeploymentPostprocessing = 0;
		};
		6489A4231C8BBB2C000257EF /* Resources */ = {
			isa = PBXResourcesBuildPhase;
			buildActionMask = 2147483647;
			files = (
			);
			runOnlyForDeploymentPostprocessing = 0;
		};
/* End PBXResourcesBuildPhase section */

/* Begin PBXSourcesBuildPhase section */
		6489A3FD1C8BBB2C000257EF /* Sources */ = {
			isa = PBXSourcesBuildPhase;
			buildActionMask = 2147483647;
			files = (
				6489A40C1C8BBB2C000257EF /* ViewController.m in Sources */,
				6489A4091C8BBB2C000257EF /* AppDelegate.m in Sources */,
				6489A4391C8BBE02000257EF /* HeadPart.m in Sources */,
				6489A4061C8BBB2C000257EF /* main.m in Sources */,
			);
			runOnlyForDeploymentPostprocessing = 0;
		};
		6489A4161C8BBB2C000257EF /* Sources */ = {
			isa = PBXSourcesBuildPhase;
			buildActionMask = 2147483647;
			files = (
				6489A41F1C8BBB2C000257EF /* runtimeDemoTests.m in Sources */,
			);
			runOnlyForDeploymentPostprocessing = 0;
		};
		6489A4211C8BBB2C000257EF /* Sources */ = {
			isa = PBXSourcesBuildPhase;
			buildActionMask = 2147483647;
			files = (
				6489A42A1C8BBB2C000257EF /* runtimeDemoUITests.m in Sources */,
			);
			runOnlyForDeploymentPostprocessing = 0;
		};
/* End PBXSourcesBuildPhase section */

/* Begin PBXTargetDependency section */
		6489A41C1C8BBB2C000257EF /* PBXTargetDependency */ = {
			isa = PBXTargetDependency;
			target = 6489A4001C8BBB2C000257EF /* runtimeDemo */;
			targetProxy = 6489A41B1C8BBB2C000257EF /* PBXContainerItemProxy */;
		};
		6489A4271C8BBB2C000257EF /* PBXTargetDependency */ = {
			isa = PBXTargetDependency;
			target = 6489A4001C8BBB2C000257EF /* runtimeDemo */;
			targetProxy = 6489A4261C8BBB2C000257EF /* PBXContainerItemProxy */;
		};
/* End PBXTargetDependency section */

/* Begin PBXVariantGroup section */
		6489A40D1C8BBB2C000257EF /* Main.storyboard */ = {
			isa = PBXVariantGroup;
			children = (
				6489A40E1C8BBB2C000257EF /* Base */,
			);
			name = Main.storyboard;
			sourceTree = "<group>";
		};
		6489A4121C8BBB2C000257EF /* LaunchScreen.storyboard */ = {
			isa = PBXVariantGroup;
			children = (
				6489A4131C8BBB2C000257EF /* Base */,
			);
			name = LaunchScreen.storyboard;
			sourceTree = "<group>";
		};
/* End PBXVariantGroup section */

/* Begin XCBuildConfiguration section */
		6489A42C1C8BBB2C000257EF /* Debug */ = {
			isa = XCBuildConfiguration;
			buildSettings = {
				ALWAYS_SEARCH_USER_PATHS = NO;
				CLANG_CXX_LANGUAGE_STANDARD = "gnu++0x";
				CLANG_CXX_LIBRARY = "libc++";
				CLANG_ENABLE_MODULES = YES;
				CLANG_ENABLE_OBJC_ARC = YES;
				CLANG_WARN_BOOL_CONVERSION = YES;
				CLANG_WARN_CONSTANT_CONVERSION = YES;
				CLANG_WARN_DIRECT_OBJC_ISA_USAGE = YES_ERROR;
				CLANG_WARN_EMPTY_BODY = YES;
				CLANG_WARN_ENUM_CONVERSION = YES;
				CLANG_WARN_INT_CONVERSION = YES;
				CLANG_WARN_OBJC_ROOT_CLASS = YES_ERROR;
				CLANG_WARN_UNREACHABLE_CODE = YES;
				CLANG_WARN__DUPLICATE_METHOD_MATCH = YES;
				"CODE_SIGN_IDENTITY[sdk=iphoneos*]" = "iPhone Developer";
				COPY_PHASE_STRIP = NO;
				DEBUG_INFORMATION_FORMAT = dwarf;
				ENABLE_STRICT_OBJC_MSGSEND = YES;
				ENABLE_TESTABILITY = YES;
				GCC_C_LANGUAGE_STANDARD = gnu99;
				GCC_DYNAMIC_NO_PIC = NO;
				GCC_NO_COMMON_BLOCKS = YES;
				GCC_OPTIMIZATION_LEVEL = 0;
				GCC_PREPROCESSOR_DEFINITIONS = (
					"DEBUG=1",
					"$(inherited)",
				);
				GCC_WARN_64_TO_32_BIT_CONVERSION = YES;
				GCC_WARN_ABOUT_RETURN_TYPE = YES_ERROR;
				GCC_WARN_UNDECLARED_SELECTOR = YES;
				GCC_WARN_UNINITIALIZED_AUTOS = YES_AGGRESSIVE;
				GCC_WARN_UNUSED_FUNCTION = YES;
				GCC_WARN_UNUSED_VARIABLE = YES;
				IPHONEOS_DEPLOYMENT_TARGET = 9.2;
				MTL_ENABLE_DEBUG_INFO = YES;
				ONLY_ACTIVE_ARCH = YES;
				SDKROOT = iphoneos;
			};
			name = Debug;
		};
		6489A42D1C8BBB2C000257EF /* Release */ = {
			isa = XCBuildConfiguration;
			buildSettings = {
				ALWAYS_SEARCH_USER_PATHS = NO;
				CLANG_CXX_LANGUAGE_STANDARD = "gnu++0x";
				CLANG_CXX_LIBRARY = "libc++";
				CLANG_ENABLE_MODULES = YES;
				CLANG_ENABLE_OBJC_ARC = YES;
				CLANG_WARN_BOOL_CONVERSION = YES;
				CLANG_WARN_CONSTANT_CONVERSION = YES;
				CLANG_WARN_DIRECT_OBJC_ISA_USAGE = YES_ERROR;
				CLANG_WARN_EMPTY_BODY = YES;
				CLANG_WARN_ENUM_CONVERSION = YES;
				CLANG_WARN_INT_CONVERSION = YES;
				CLANG_WARN_OBJC_ROOT_CLASS = YES_ERROR;
				CLANG_WARN_UNREACHABLE_CODE = YES;
				CLANG_WARN__DUPLICATE_METHOD_MATCH = YES;
				"CODE_SIGN_IDENTITY[sdk=iphoneos*]" = "iPhone Developer";
				COPY_PHASE_STRIP = NO;
				DEBUG_INFORMATION_FORMAT = "dwarf-with-dsym";
				ENABLE_NS_ASSERTIONS = NO;
				ENABLE_STRICT_OBJC_MSGSEND = YES;
				GCC_C_LANGUAGE_STANDARD = gnu99;
				GCC_NO_COMMON_BLOCKS = YES;
				GCC_WARN_64_TO_32_BIT_CONVERSION = YES;
				GCC_WARN_ABOUT_RETURN_TYPE = YES_ERROR;
				GCC_WARN_UNDECLARED_SELECTOR = YES;
				GCC_WARN_UNINITIALIZED_AUTOS = YES_AGGRESSIVE;
				GCC_WARN_UNUSED_FUNCTION = YES;
				GCC_WARN_UNUSED_VARIABLE = YES;
				IPHONEOS_DEPLOYMENT_TARGET = 9.2;
				MTL_ENABLE_DEBUG_INFO = NO;
				SDKROOT = iphoneos;
				VALIDATE_PRODUCT = YES;
			};
			name = Release;
		};
		6489A42F1C8BBB2C000257EF /* Debug */ = {
			isa = XCBuildConfiguration;
			buildSettings = {
				ASSETCATALOG_COMPILER_APPICON_NAME = AppIcon;
				INFOPLIST_FILE = runtimeDemo/Info.plist;
				LD_RUNPATH_SEARCH_PATHS = "$(inherited) @executable_path/Frameworks";
				PRODUCT_BUNDLE_IDENTIFIER = com.fushike.runtimeDemo;
				PRODUCT_NAME = "$(TARGET_NAME)";
			};
			name = Debug;
		};
		6489A4301C8BBB2C000257EF /* Release */ = {
			isa = XCBuildConfiguration;
			buildSettings = {
				ASSETCATALOG_COMPILER_APPICON_NAME = AppIcon;
				INFOPLIST_FILE = runtimeDemo/Info.plist;
				LD_RUNPATH_SEARCH_PATHS = "$(inherited) @executable_path/Frameworks";
				PRODUCT_BUNDLE_IDENTIFIER = com.fushike.runtimeDemo;
				PRODUCT_NAME = "$(TARGET_NAME)";
			};
			name = Release;
		};
		6489A4321C8BBB2C000257EF /* Debug */ = {
			isa = XCBuildConfiguration;
			buildSettings = {
				BUNDLE_LOADER = "$(TEST_HOST)";
				INFOPLIST_FILE = runtimeDemoTests/Info.plist;
				LD_RUNPATH_SEARCH_PATHS = "$(inherited) @executable_path/Frameworks @loader_path/Frameworks";
				PRODUCT_BUNDLE_IDENTIFIER = com.fushike.runtimeDemoTests;
				PRODUCT_NAME = "$(TARGET_NAME)";
				TEST_HOST = "$(BUILT_PRODUCTS_DIR)/runtimeDemo.app/runtimeDemo";
			};
			name = Debug;
		};
		6489A4331C8BBB2C000257EF /* Release */ = {
			isa = XCBuildConfiguration;
			buildSettings = {
				BUNDLE_LOADER = "$(TEST_HOST)";
				INFOPLIST_FILE = runtimeDemoTests/Info.plist;
				LD_RUNPATH_SEARCH_PATHS = "$(inherited) @executable_path/Frameworks @loader_path/Frameworks";
				PRODUCT_BUNDLE_IDENTIFIER = com.fushike.runtimeDemoTests;
				PRODUCT_NAME = "$(TARGET_NAME)";
				TEST_HOST = "$(BUILT_PRODUCTS_DIR)/runtimeDemo.app/runtimeDemo";
			};
			name = Release;
		};
		6489A4351C8BBB2C000257EF /* Debug */ = {
			isa = XCBuildConfiguration;
			buildSettings = {
				INFOPLIST_FILE = runtimeDemoUITests/Info.plist;
				LD_RUNPATH_SEARCH_PATHS = "$(inherited) @executable_path/Frameworks @loader_path/Frameworks";
				PRODUCT_BUNDLE_IDENTIFIER = com.fushike.runtimeDemoUITests;
				PRODUCT_NAME = "$(TARGET_NAME)";
				TEST_TARGET_NAME = runtimeDemo;
				USES_XCTRUNNER = YES;
			};
			name = Debug;
		};
		6489A4361C8BBB2C000257EF /* Release */ = {
			isa = XCBuildConfiguration;
			buildSettings = {
				INFOPLIST_FILE = runtimeDemoUITests/Info.plist;
				LD_RUNPATH_SEARCH_PATHS = "$(inherited) @executable_path/Frameworks @loader_path/Frameworks";
				PRODUCT_BUNDLE_IDENTIFIER = com.fushike.runtimeDemoUITests;
				PRODUCT_NAME = "$(TARGET_NAME)";
				TEST_TARGET_NAME = runtimeDemo;
				USES_XCTRUNNER = YES;
			};
			name = Release;
		};
/* End XCBuildConfiguration section */

/* Begin XCConfigurationList section */
		6489A3FC1C8BBB2C000257EF /* Build configuration list for PBXProject "runtimeDemo" */ = {
			isa = XCConfigurationList;
			buildConfigurations = (
				6489A42C1C8BBB2C000257EF /* Debug */,
				6489A42D1C8BBB2C000257EF /* Release */,
			);
			defaultConfigurationIsVisible = 0;
			defaultConfigurationName = Release;
		};
		6489A42E1C8BBB2C000257EF /* Build configuration list for PBXNativeTarget "runtimeDemo" */ = {
			isa = XCConfigurationList;
			buildConfigurations = (
				6489A42F1C8BBB2C000257EF /* Debug */,
				6489A4301C8BBB2C000257EF /* Release */,
			);
			defaultConfigurationIsVisible = 0;
		};
		6489A4311C8BBB2C000257EF /* Build configuration list for PBXNativeTarget "runtimeDemoTests" */ = {
			isa = XCConfigurationList;
			buildConfigurations = (
				6489A4321C8BBB2C000257EF /* Debug */,
				6489A4331C8BBB2C000257EF /* Release */,
			);
			defaultConfigurationIsVisible = 0;
		};
		6489A4341C8BBB2C000257EF /* Build configuration list for PBXNativeTarget "runtimeDemoUITests" */ = {
			isa = XCConfigurationList;
			buildConfigurations = (
				6489A4351C8BBB2C000257EF /* Debug */,
				6489A4361C8BBB2C000257EF /* Release */,
			);
			defaultConfigurationIsVisible = 0;
		};
/* End XCConfigurationList section */
	};
	rootObject = 6489A3F91C8BBB2C000257EF /* Project object */;
}
